
Microsoft Visual Studio Solution File, Format Version 12.00
# Visual Studio 15
VisualStudioVersion = 15.0.27428.2043
MinimumVisualStudioVersion = 10.0.40219.1
Project("{FAE04EC0-301F-11D3-BF4B-00C04F79EFBC}") = "WindowsTechnica", "WindowsTechnica\WindowsTechnica.csproj", "{298F189B-46FE-46E3-9794-672E178461CD}"
EndProject
Project("{FAE04EC0-301F-11D3-BF4B-00C04F79EFBC}") = "Tasks", "Tasks\Tasks.csproj", "{141D1ECB-E6A4-477C-AF6A-97977BD20D60}"
EndProject
Global
	GlobalSection(SolutionConfigurationPlatforms) = preSolution
		Debug|Any CPU = Debug|Any CPU
		Debug|ARM = Debug|ARM
		Debug|ARM64 = Debug|ARM64
		Debug|x64 = Debug|x64
		Debug|x86 = Debug|x86
		Release|Any CPU = Release|Any CPU
		Release|ARM = Release|ARM
		Release|ARM64 = Release|ARM64
		Release|x64 = Release|x64
		Release|x86 = Release|x86
	EndGlobalSection
	GlobalSection(ProjectConfigurationPlatforms) = postSolution
		{298F189B-46FE-46E3-9794-672E178461CD}.Debug|Any CPU.ActiveCfg = Debug|x86
		{298F189B-46FE-46E3-9794-672E178461CD}.Debug|ARM.ActiveCfg = Debug|ARM
		{298F189B-46FE-46E3-9794-672E178461CD}.Debug|ARM.Build.0 = Debug|ARM
		{298F189B-46FE-46E3-9794-672E178461CD}.Debug|ARM.Deploy.0 = Debug|ARM
		{298F189B-46FE-46E3-9794-672E178461CD}.Debug|ARM64.ActiveCfg = Debug|x86
		{298F189B-46FE-46E3-9794-672E178461CD}.Debug|x64.ActiveCfg = Debug|x64
		{298F189B-46FE-46E3-9794-672E178461CD}.Debug|x64.Build.0 = Debug|x64
		{298F189B-46FE-46E3-9794-672E178461CD}.Debug|x64.Deploy.0 = Debug|x64
		{298F189B-46FE-46E3-9794-672E178461CD}.Debug|x86.ActiveCfg = Debug|x86
		{298F189B-46FE-46E3-9794-672E178461CD}.Debug|x86.Build.0 = Debug|x86
		{298F189B-46FE-46E3-9794-672E178461CD}.Debug|x86.Deploy.0 = Debug|x86
		{298F189B-46FE-46E3-9794-672E178461CD}.Release|Any CPU.ActiveCfg = Release|x86
		{298F189B-46FE-46E3-9794-672E178461CD}.Release|ARM.ActiveCfg = Release|ARM
		{298F189B-46FE-46E3-9794-672E178461CD}.Release|ARM.Build.0 = Release|ARM
		{298F189B-46FE-46E3-9794-672E178461CD}.Release|ARM.Deploy.0 = Release|ARM
		{298F189B-46FE-46E3-9794-672E178461CD}.Release|ARM64.ActiveCfg = Release|x86
		{298F189B-46FE-46E3-9794-672E178461CD}.Release|x64.ActiveCfg = Release|x64
		{298F189B-46FE-46E3-9794-672E178461CD}.Release|x64.Build.0 = Release|x64
		{298F189B-46FE-46E3-9794-672E178461CD}.Release|x64.Deploy.0 = Release|x64
		{298F189B-46FE-46E3-9794-672E178461CD}.Release|x86.ActiveCfg = Release|x86
		{298F189B-46FE-46E3-9794-672E178461CD}.Release|x86.Build.0 = Release|x86
		{298F189B-46FE-46E3-9794-672E178461CD}.Release|x86.Deploy.0 = Release|x86
		{141D1ECB-E6A4-477C-AF6A-97977BD20D60}.Debug|Any CPU.ActiveCfg = Debug|Any CPU
		{141D1ECB-E6A4-477C-AF6A-97977BD20D60}.Debug|Any CPU.Build.0 = Debug|Any CPU
		{141D1ECB-E6A4-477C-AF6A-97977BD20D60}.Debug|ARM.ActiveCfg = Debug|ARM
		{141D1ECB-E6A4-477C-AF6A-97977BD20D60}.Debug|ARM.Build.0 = Debug|ARM
		{141D1ECB-E6A4-477C-AF6A-97977BD20D60}.Debug|ARM64.ActiveCfg = Debug|ARM64
		{141D1ECB-E6A4-477C-AF6A-97977BD20D60}.Debug|ARM64.Build.0 = Debug|ARM64
		{141D1ECB-E6A4-477C-AF6A-97977BD20D60}.Debug|x64.ActiveCfg = Debug|x64
		{141D1ECB-E6A4-477C-AF6A-97977BD20D60}.Debug|x64.Build.0 = Debug|x64
		{141D1ECB-E6A4-477C-AF6A-97977BD20D60}.Debug|x86.ActiveCfg = Debug|x86
		{141D1ECB-E6A4-477C-AF6A-97977BD20D60}.Debug|x86.Build.0 = Debug|x86
		{141D1ECB-E6A4-477C-AF6A-97977BD20D60}.Release|Any CPU.ActiveCfg = Release|Any CPU
		{141D1ECB-E6A4-477C-AF6A-97977BD20D60}.Release|Any CPU.Build.0 = Release|Any CPU
		{141D1ECB-E6A4-477C-AF6A-97977BD20D60}.Release|ARM.ActiveCfg = Release|ARM
		{141D1ECB-E6A4-477C-AF6A-97977BD20D60}.Release|ARM.Build.0 = Release|ARM
		{141D1ECB-E6A4-477C-AF6A-97977BD20D60}.Release|ARM64.ActiveCfg = Release|ARM64
		{141D1ECB-E6A4-477C-AF6A-97977BD20D60}.Release|ARM64.Build.0 = Release|ARM64
		{141D1ECB-E6A4-477C-AF6A-97977BD20D60}.Release|x64.ActiveCfg = Release|x64
		{141D1ECB-E6A4-477C-AF6A-97977BD20D60}.Release|x64.Build.0 = Release|x64
		{141D1ECB-E6A4-477C-AF6A-97977BD20D60}.Release|x86.ActiveCfg = Release|x86
		{141D1ECB-E6A4-477C-AF6A-97977BD20D60}.Release|x86.Build.0 = Release|x86
	EndGlobalSection
	GlobalSection(SolutionProperties) = preSolution
		HideSolutionNode = FALSE
	EndGlobalSection
	GlobalSection(ExtensibilityGlobals) = postSolution
		SolutionGuid = {EDE685D6-C75A-42D1-AF92-15C048A8467E}
	EndGlobalSection
EndGlobal
